
Microsoft Visual Studio Solution File, Format Version 12.00
# Visual Studio Version 16
VisualStudioVersion = 16.0.30907.101
MinimumVisualStudioVersion = 10.0.40219.1
Project("{9A19103F-16F7-4668-BE54-9A1E7A4F7556}") = "MonitorShop.Entities", "MonitorShop.Entities\MonitorShop.Entities.csproj", "{D8A2070C-EA95-46F1-8946-2D6867982E1B}"
EndProject
Project("{9A19103F-16F7-4668-BE54-9A1E7A4F7556}") = "MonitorShop.DataAccess", "MonitorShop.DataAccess\MonitorShop.DataAccess.csproj", "{0F82D096-3A03-422C-A981-CB5101FA3937}"
EndProject
Project("{9A19103F-16F7-4668-BE54-9A1E7A4F7556}") = "MonitorShop.Business", "MonitorShop.Business\MonitorShop.Business.csproj", "{DD5EB26B-BD5C-4259-BC32-EF1434E9EC7D}"
EndProject
Project("{FAE04EC0-301F-11D3-BF4B-00C04F79EFBC}") = "MonitorShop.ConsoleApp", "MonitorShop.ConsoleApp\MonitorShop.ConsoleApp.csproj", "{7EAAE548-8A47-418D-9AA1-8847BD96F63E}"
EndProject
Global
	GlobalSection(SolutionConfigurationPlatforms) = preSolution
		Debug|Any CPU = Debug|Any CPU
		Release|Any CPU = Release|Any CPU
	EndGlobalSection
	GlobalSection(ProjectConfigurationPlatforms) = postSolution
		{D8A2070C-EA95-46F1-8946-2D6867982E1B}.Debug|Any CPU.ActiveCfg = Debug|Any CPU
		{D8A2070C-EA95-46F1-8946-2D6867982E1B}.Debug|Any CPU.Build.0 = Debug|Any CPU
		{D8A2070C-EA95-46F1-8946-2D6867982E1B}.Release|Any CPU.ActiveCfg = Release|Any CPU
		{D8A2070C-EA95-46F1-8946-2D6867982E1B}.Release|Any CPU.Build.0 = Release|Any CPU
		{0F82D096-3A03-422C-A981-CB5101FA3937}.Debug|Any CPU.ActiveCfg = Debug|Any CPU
		{0F82D096-3A03-422C-A981-CB5101FA3937}.Debug|Any CPU.Build.0 = Debug|Any CPU
		{0F82D096-3A03-422C-A981-CB5101FA3937}.Release|Any CPU.ActiveCfg = Release|Any CPU
		{0F82D096-3A03-422C-A981-CB5101FA3937}.Release|Any CPU.Build.0 = Release|Any CPU
		{DD5EB26B-BD5C-4259-BC32-EF1434E9EC7D}.Debug|Any CPU.ActiveCfg = Debug|Any CPU
		{DD5EB26B-BD5C-4259-BC32-EF1434E9EC7D}.Debug|Any CPU.Build.0 = Debug|Any CPU
		{DD5EB26B-BD5C-4259-BC32-EF1434E9EC7D}.Release|Any CPU.ActiveCfg = Release|Any CPU
		{DD5EB26B-BD5C-4259-BC32-EF1434E9EC7D}.Release|Any CPU.Build.0 = Release|Any CPU
		{7EAAE548-8A47-418D-9AA1-8847BD96F63E}.Debug|Any CPU.ActiveCfg = Debug|Any CPU
		{7EAAE548-8A47-418D-9AA1-8847BD96F63E}.Debug|Any CPU.Build.0 = Debug|Any CPU
		{7EAAE548-8A47-418D-9AA1-8847BD96F63E}.Release|Any CPU.ActiveCfg = Release|Any CPU
		{7EAAE548-8A47-418D-9AA1-8847BD96F63E}.Release|Any CPU.Build.0 = Release|Any CPU
	EndGlobalSection
	GlobalSection(SolutionProperties) = preSolution
		HideSolutionNode = FALSE
	EndGlobalSection
	GlobalSection(ExtensibilityGlobals) = postSolution
		SolutionGuid = {4DBBD8F3-BCBA-4F69-B54A-FB1851728B97}
	EndGlobalSection
EndGlobal
